{
  "name": "ex3",
  "version": "1.0.0",
  "lockfileVersion": 3,
  "requires": true,
  "packages": {
    "": {
      "name": "ex3",
      "version": "1.0.0",
      "license": "ISC",
      "dependencies": {
        "@tabler/icons": "^3.35.0",
        "simple-icons": "^15.17.0"
      }
    },
    "node_modules/@tabler/icons": {
      "version": "3.35.0",
      "resolved": "https://registry.npmjs.org/@tabler/icons/-/icons-3.35.0.tgz",
      "integrity": "sha512-yYXe+gJ56xlZFiXwV9zVoe3FWCGuZ/D7/G4ZIlDtGxSx5CGQK110wrnT29gUj52kEZoxqF7oURTk97GQxELOFQ==",
      "license": "MIT",
      "funding": {
        "type": "github",
        "url": "https://github.com/sponsors/codecalm"
      }
    },
    "node_modules/simple-icons": {
      "version": "15.17.0",
      "resolved": "https://registry.npmjs.org/simple-icons/-/simple-icons-15.17.0.tgz",
      "integrity": "sha512-viOcugYj+JFYVWJvDh4Ph1xHk9iTGhzt+NoPrfAQYSCADvmZFSQUWyKEbSMuqVRUsaRgvADn+Cczysemsf1N3Q==",
      "funding": [
        {
          "type": "opencollective",
          "url": "https://opencollective.com/simple-icons"
        },
        {
          "type": "github",
          "url": "https://github.com/sponsors/simple-icons"
        }
      ],
      "license": "CC0-1.0",
      "engines": {
        "node": ">=0.12.18"
      }
    }
  }
}
