{
  "name": "ex3",
  "version": "1.0.0",
  "lockfileVersion": 3,
  "requires": true,
  "packages": {
    "": {
      "name": "ex3",
      "version": "1.0.0",
      "license": "ISC",
      "dependencies": {
        "@tabler/icons": "^3.35.0"
      }
    },
    "node_modules/@tabler/icons": {
      "version": "3.35.0",
      "resolved": "https://registry.npmjs.org/@tabler/icons/-/icons-3.35.0.tgz",
      "integrity": "sha512-yYXe+gJ56xlZFiXwV9zVoe3FWCGuZ/D7/G4ZIlDtGxSx5CGQK110wrnT29gUj52kEZoxqF7oURTk97GQxELOFQ==",
      "license": "MIT",
      "funding": {
        "type": "github",
        "url": "https://github.com/sponsors/codecalm"
      }
    }
  }
}
